// !$*UTF8*$!
{
	archiveVersion = 1;
	classes = {
	};
	objectVersion = 55;
	objects = {

/* Begin PBXBuildFile section */
		EB15E85327EA30FD00D0E982 /* FiltersView.swift in Sources */ = {isa = PBXBuildFile; fileRef = EB15E85227EA30FD00D0E982 /* FiltersView.swift */; };
		EB15E85727EB3D9300D0E982 /* FiltersFactory.swift in Sources */ = {isa = PBXBuildFile; fileRef = EB15E85627EB3D9300D0E982 /* FiltersFactory.swift */; };
		EB3D7F5B2832656000FBD3FA /* AddEscapeRoomViewModel.swift in Sources */ = {isa = PBXBuildFile; fileRef = EB3D7F5A2832656000FBD3FA /* AddEscapeRoomViewModel.swift */; };
		EB67D2CA2790E4EB00D70158 /* EscapeRoomValues.swift in Sources */ = {isa = PBXBuildFile; fileRef = EB67D2C92790E4EB00D70158 /* EscapeRoomValues.swift */; };
		EB76B85F2836B9C0008A1167 /* FeaturedView.swift in Sources */ = {isa = PBXBuildFile; fileRef = EB76B85E2836B9C0008A1167 /* FeaturedView.swift */; };
		EB76B8612836BAF8008A1167 /* PastView.swift in Sources */ = {isa = PBXBuildFile; fileRef = EB76B8602836BAF8008A1167 /* PastView.swift */; };
		EB8FBE5128295C470090D63A /* EscapeDiariesUI.xcdatamodeld in Sources */ = {isa = PBXBuildFile; fileRef = EB8FBE4F28295C470090D63A /* EscapeDiariesUI.xcdatamodeld */; };
		EB8FBE5328295C630090D63A /* CoreDataManager.swift in Sources */ = {isa = PBXBuildFile; fileRef = EB8FBE5228295C630090D63A /* CoreDataManager.swift */; };
		EB8FBE5A282D6DA20090D63A /* Launch Screen.storyboard in Resources */ = {isa = PBXBuildFile; fileRef = EB8FBE59282D6DA20090D63A /* Launch Screen.storyboard */; };
		EB9542E427F315AE0083A1ED /* EscapeRoomRow.swift in Sources */ = {isa = PBXBuildFile; fileRef = EB9542E327F315AE0083A1ED /* EscapeRoomRow.swift */; };
		EB9542E627F316F00083A1ED /* DescriptionView.swift in Sources */ = {isa = PBXBuildFile; fileRef = EB9542E527F316F00083A1ED /* DescriptionView.swift */; };
		EB9542E827F318480083A1ED /* ValuationView.swift in Sources */ = {isa = PBXBuildFile; fileRef = EB9542E727F318480083A1ED /* ValuationView.swift */; };
		EB9542EA27F319BB0083A1ED /* NameView.swift in Sources */ = {isa = PBXBuildFile; fileRef = EB9542E927F319BB0083A1ED /* NameView.swift */; };
		EB9542EC27F319C70083A1ED /* ImageView.swift in Sources */ = {isa = PBXBuildFile; fileRef = EB9542EB27F319C70083A1ED /* ImageView.swift */; };
		EB962EF4283BF75000DFC520 /* ModalSelectorImagesView.swift in Sources */ = {isa = PBXBuildFile; fileRef = EB962EF3283BF75000DFC520 /* ModalSelectorImagesView.swift */; };
		EB962EF6283C071900DFC520 /* BlanketView.swift in Sources */ = {isa = PBXBuildFile; fileRef = EB962EF5283C071900DFC520 /* BlanketView.swift */; };
		EB9ED52A27F4725D00089FC5 /* Filters.swift in Sources */ = {isa = PBXBuildFile; fileRef = EB9ED52927F4725D00089FC5 /* Filters.swift */; };
		EB9ED52C27F49BB900089FC5 /* EditorNameImageView.swift in Sources */ = {isa = PBXBuildFile; fileRef = EB9ED52B27F49BB900089FC5 /* EditorNameImageView.swift */; };
		EB9ED52E27F4AB1F00089FC5 /* SelectorThemesView.swift in Sources */ = {isa = PBXBuildFile; fileRef = EB9ED52D27F4AB1F00089FC5 /* SelectorThemesView.swift */; };
		EB9ED53027F4AD4900089FC5 /* Themes.swift in Sources */ = {isa = PBXBuildFile; fileRef = EB9ED52F27F4AD4900089FC5 /* Themes.swift */; };
		EB9ED53327F4B0EF00089FC5 /* SelectorImagesView.swift in Sources */ = {isa = PBXBuildFile; fileRef = EB9ED53227F4B0EF00089FC5 /* SelectorImagesView.swift */; };
		EB9ED53827F70F8800089FC5 /* AdjustmentsView.swift in Sources */ = {isa = PBXBuildFile; fileRef = EB9ED53727F70F8800089FC5 /* AdjustmentsView.swift */; };
		EBB285CF27E9F41700D1241D /* RatingView.swift in Sources */ = {isa = PBXBuildFile; fileRef = EBB285CE27E9F41700D1241D /* RatingView.swift */; };
		EBC34FD227722C060064E4E0 /* DetailViewEscapeRoom.swift in Sources */ = {isa = PBXBuildFile; fileRef = EBC34FD127722C060064E4E0 /* DetailViewEscapeRoom.swift */; };
		EBD04227276ABFA900DFCC40 /* EscapeDiariesUIApp.swift in Sources */ = {isa = PBXBuildFile; fileRef = EBD04226276ABFA900DFCC40 /* EscapeDiariesUIApp.swift */; };
		EBD04229276ABFA900DFCC40 /* ContentView.swift in Sources */ = {isa = PBXBuildFile; fileRef = EBD04228276ABFA900DFCC40 /* ContentView.swift */; };
		EBD0422B276ABFAA00DFCC40 /* Assets.xcassets in Resources */ = {isa = PBXBuildFile; fileRef = EBD0422A276ABFAA00DFCC40 /* Assets.xcassets */; };
		EBD0422E276ABFAA00DFCC40 /* Preview Assets.xcassets in Resources */ = {isa = PBXBuildFile; fileRef = EBD0422D276ABFAA00DFCC40 /* Preview Assets.xcassets */; };
/* End PBXBuildFile section */

/* Begin PBXFileReference section */
		EB15E85227EA30FD00D0E982 /* FiltersView.swift */ = {isa = PBXFileReference; lastKnownFileType = sourcecode.swift; path = FiltersView.swift; sourceTree = "<group>"; };
		EB15E85627EB3D9300D0E982 /* FiltersFactory.swift */ = {isa = PBXFileReference; lastKnownFileType = sourcecode.swift; path = FiltersFactory.swift; sourceTree = "<group>"; };
		EB3D7F5A2832656000FBD3FA /* AddEscapeRoomViewModel.swift */ = {isa = PBXFileReference; lastKnownFileType = sourcecode.swift; path = AddEscapeRoomViewModel.swift; sourceTree = "<group>"; };
		EB67D2C92790E4EB00D70158 /* EscapeRoomValues.swift */ = {isa = PBXFileReference; lastKnownFileType = sourcecode.swift; path = EscapeRoomValues.swift; sourceTree = "<group>"; };
		EB76B85E2836B9C0008A1167 /* FeaturedView.swift */ = {isa = PBXFileReference; lastKnownFileType = sourcecode.swift; path = FeaturedView.swift; sourceTree = "<group>"; };
		EB76B8602836BAF8008A1167 /* PastView.swift */ = {isa = PBXFileReference; lastKnownFileType = sourcecode.swift; path = PastView.swift; sourceTree = "<group>"; };
		EB8FBE5028295C470090D63A /* EscapeDiariesUI.xcdatamodel */ = {isa = PBXFileReference; lastKnownFileType = wrapper.xcdatamodel; path = EscapeDiariesUI.xcdatamodel; sourceTree = "<group>"; };
		EB8FBE5228295C630090D63A /* CoreDataManager.swift */ = {isa = PBXFileReference; lastKnownFileType = sourcecode.swift; path = CoreDataManager.swift; sourceTree = "<group>"; };
		EB8FBE59282D6DA20090D63A /* Launch Screen.storyboard */ = {isa = PBXFileReference; lastKnownFileType = file.storyboard; path = "Launch Screen.storyboard"; sourceTree = "<group>"; };
		EB9542E327F315AE0083A1ED /* EscapeRoomRow.swift */ = {isa = PBXFileReference; lastKnownFileType = sourcecode.swift; path = EscapeRoomRow.swift; sourceTree = "<group>"; };
		EB9542E527F316F00083A1ED /* DescriptionView.swift */ = {isa = PBXFileReference; lastKnownFileType = sourcecode.swift; path = DescriptionView.swift; sourceTree = "<group>"; };
		EB9542E727F318480083A1ED /* ValuationView.swift */ = {isa = PBXFileReference; lastKnownFileType = sourcecode.swift; path = ValuationView.swift; sourceTree = "<group>"; };
		EB9542E927F319BB0083A1ED /* NameView.swift */ = {isa = PBXFileReference; lastKnownFileType = sourcecode.swift; path = NameView.swift; sourceTree = "<group>"; };
		EB9542EB27F319C70083A1ED /* ImageView.swift */ = {isa = PBXFileReference; lastKnownFileType = sourcecode.swift; path = ImageView.swift; sourceTree = "<group>"; };
		EB962EF3283BF75000DFC520 /* ModalSelectorImagesView.swift */ = {isa = PBXFileReference; lastKnownFileType = sourcecode.swift; path = ModalSelectorImagesView.swift; sourceTree = "<group>"; };
		EB962EF5283C071900DFC520 /* BlanketView.swift */ = {isa = PBXFileReference; lastKnownFileType = sourcecode.swift; path = BlanketView.swift; sourceTree = "<group>"; };
		EB9ED52927F4725D00089FC5 /* Filters.swift */ = {isa = PBXFileReference; lastKnownFileType = sourcecode.swift; path = Filters.swift; sourceTree = "<group>"; };
		EB9ED52B27F49BB900089FC5 /* EditorNameImageView.swift */ = {isa = PBXFileReference; lastKnownFileType = sourcecode.swift; path = EditorNameImageView.swift; sourceTree = "<group>"; };
		EB9ED52D27F4AB1F00089FC5 /* SelectorThemesView.swift */ = {isa = PBXFileReference; lastKnownFileType = sourcecode.swift; path = SelectorThemesView.swift; sourceTree = "<group>"; };
		EB9ED52F27F4AD4900089FC5 /* Themes.swift */ = {isa = PBXFileReference; lastKnownFileType = sourcecode.swift; path = Themes.swift; sourceTree = "<group>"; };
		EB9ED53227F4B0EF00089FC5 /* SelectorImagesView.swift */ = {isa = PBXFileReference; lastKnownFileType = sourcecode.swift; path = SelectorImagesView.swift; sourceTree = "<group>"; };
		EB9ED53727F70F8800089FC5 /* AdjustmentsView.swift */ = {isa = PBXFileReference; lastKnownFileType = sourcecode.swift; path = AdjustmentsView.swift; sourceTree = "<group>"; };
		EBB285CE27E9F41700D1241D /* RatingView.swift */ = {isa = PBXFileReference; lastKnownFileType = sourcecode.swift; path = RatingView.swift; sourceTree = "<group>"; };
		EBC34FD127722C060064E4E0 /* DetailViewEscapeRoom.swift */ = {isa = PBXFileReference; lastKnownFileType = sourcecode.swift; path = DetailViewEscapeRoom.swift; sourceTree = "<group>"; };
		EBD04223276ABFA900DFCC40 /* EscapeDiariesUI.app */ = {isa = PBXFileReference; explicitFileType = wrapper.application; includeInIndex = 0; path = EscapeDiariesUI.app; sourceTree = BUILT_PRODUCTS_DIR; };
		EBD04226276ABFA900DFCC40 /* EscapeDiariesUIApp.swift */ = {isa = PBXFileReference; lastKnownFileType = sourcecode.swift; path = EscapeDiariesUIApp.swift; sourceTree = "<group>"; };
		EBD04228276ABFA900DFCC40 /* ContentView.swift */ = {isa = PBXFileReference; lastKnownFileType = sourcecode.swift; path = ContentView.swift; sourceTree = "<group>"; };
		EBD0422A276ABFAA00DFCC40 /* Assets.xcassets */ = {isa = PBXFileReference; lastKnownFileType = folder.assetcatalog; path = Assets.xcassets; sourceTree = "<group>"; };
		EBD0422D276ABFAA00DFCC40 /* Preview Assets.xcassets */ = {isa = PBXFileReference; lastKnownFileType = folder.assetcatalog; path = "Preview Assets.xcassets"; sourceTree = "<group>"; };
/* End PBXFileReference section */

/* Begin PBXFrameworksBuildPhase section */
		EBD04220276ABFA900DFCC40 /* Frameworks */ = {
			isa = PBXFrameworksBuildPhase;
			buildActionMask = 2147483647;
			files = (
			);
			runOnlyForDeploymentPostprocessing = 0;
		};
/* End PBXFrameworksBuildPhase section */

/* Begin PBXGroup section */
		EB3D7F592832653A00FBD3FA /* ViewModels */ = {
			isa = PBXGroup;
			children = (
				EB3D7F5A2832656000FBD3FA /* AddEscapeRoomViewModel.swift */,
			);
			path = ViewModels;
			sourceTree = "<group>";
		};
		EB67D2C62790E4A100D70158 /* Model */ = {
			isa = PBXGroup;
			children = (
				EB67D2C92790E4EB00D70158 /* EscapeRoomValues.swift */,
				EB15E85627EB3D9300D0E982 /* FiltersFactory.swift */,
				EB9ED52927F4725D00089FC5 /* Filters.swift */,
				EB9ED52F27F4AD4900089FC5 /* Themes.swift */,
			);
			path = Model;
			sourceTree = "<group>";
		};
		EB67D2CD2790E52000D70158 /* Views */ = {
			isa = PBXGroup;
			children = (
				EBD04228276ABFA900DFCC40 /* ContentView.swift */,
				EB9542E327F315AE0083A1ED /* EscapeRoomRow.swift */,
				EB9ED53927F70F9000089FC5 /* Button */,
				EB9ED53527F59C6C00089FC5 /* DetailView */,
				EB9ED53427F59C3100089FC5 /* EditorNameImage */,
			);
			path = Views;
			sourceTree = "<group>";
		};
		EB8FBE4E28295C0C0090D63A /* Persistence */ = {
			isa = PBXGroup;
			children = (
				EB8FBE5228295C630090D63A /* CoreDataManager.swift */,
			);
			path = Persistence;
			sourceTree = "<group>";
		};
		EB8FBE58282D6D680090D63A /* Resources */ = {
			isa = PBXGroup;
			children = (
				EB8FBE4F28295C470090D63A /* EscapeDiariesUI.xcdatamodeld */,
				EBD0422A276ABFAA00DFCC40 /* Assets.xcassets */,
				EB8FBE59282D6DA20090D63A /* Launch Screen.storyboard */,
			);
			path = Resources;
			sourceTree = "<group>";
		};
		EB9ED53427F59C3100089FC5 /* EditorNameImage */ = {
			isa = PBXGroup;
			children = (
				EB9ED52B27F49BB900089FC5 /* EditorNameImageView.swift */,
				EB9542E927F319BB0083A1ED /* NameView.swift */,
				EB9ED52D27F4AB1F00089FC5 /* SelectorThemesView.swift */,
				EB9ED53227F4B0EF00089FC5 /* SelectorImagesView.swift */,
				EB962EF3283BF75000DFC520 /* ModalSelectorImagesView.swift */,
			);
			path = EditorNameImage;
			sourceTree = "<group>";
		};
		EB9ED53527F59C6C00089FC5 /* DetailView */ = {
			isa = PBXGroup;
			children = (
				EBC34FD127722C060064E4E0 /* DetailViewEscapeRoom.swift */,
				EB9542EB27F319C70083A1ED /* ImageView.swift */,
				EB9542E527F316F00083A1ED /* DescriptionView.swift */,
				EBB285CE27E9F41700D1241D /* RatingView.swift */,
				EB9542E727F318480083A1ED /* ValuationView.swift */,
				EB76B85E2836B9C0008A1167 /* FeaturedView.swift */,
				EB76B8602836BAF8008A1167 /* PastView.swift */,
				EB962EF5283C071900DFC520 /* BlanketView.swift */,
			);
			path = DetailView;
			sourceTree = "<group>";
		};
		EB9ED53927F70F9000089FC5 /* Button */ = {
			isa = PBXGroup;
			children = (
				EB15E85227EA30FD00D0E982 /* FiltersView.swift */,
				EB9ED53727F70F8800089FC5 /* AdjustmentsView.swift */,
			);
			path = Button;
			sourceTree = "<group>";
		};
		EBD0421A276ABFA900DFCC40 = {
			isa = PBXGroup;
			children = (
				EBD04225276ABFA900DFCC40 /* EscapeDiariesUI */,
				EBD04224276ABFA900DFCC40 /* Products */,
			);
			sourceTree = "<group>";
		};
		EBD04224276ABFA900DFCC40 /* Products */ = {
			isa = PBXGroup;
			children = (
				EBD04223276ABFA900DFCC40 /* EscapeDiariesUI.app */,
			);
			name = Products;
			sourceTree = "<group>";
		};
		EBD04225276ABFA900DFCC40 /* EscapeDiariesUI */ = {
			isa = PBXGroup;
			children = (
				EBD04226276ABFA900DFCC40 /* EscapeDiariesUIApp.swift */,
				EB67D2CD2790E52000D70158 /* Views */,
				EB3D7F592832653A00FBD3FA /* ViewModels */,
				EB67D2C62790E4A100D70158 /* Model */,
				EB8FBE4E28295C0C0090D63A /* Persistence */,
				EB8FBE58282D6D680090D63A /* Resources */,
				EBD0422C276ABFAA00DFCC40 /* Preview Content */,
			);
			path = EscapeDiariesUI;
			sourceTree = "<group>";
		};
		EBD0422C276ABFAA00DFCC40 /* Preview Content */ = {
			isa = PBXGroup;
			children = (
				EBD0422D276ABFAA00DFCC40 /* Preview Assets.xcassets */,
			);
			path = "Preview Content";
			sourceTree = "<group>";
		};
/* End PBXGroup section */

/* Begin PBXNativeTarget section */
		EBD04222276ABFA900DFCC40 /* EscapeDiariesUI */ = {
			isa = PBXNativeTarget;
			buildConfigurationList = EBD04231276ABFAA00DFCC40 /* Build configuration list for PBXNativeTarget "EscapeDiariesUI" */;
			buildPhases = (
				EBD0421F276ABFA900DFCC40 /* Sources */,
				EBD04220276ABFA900DFCC40 /* Frameworks */,
				EBD04221276ABFA900DFCC40 /* Resources */,
			);
			buildRules = (
			);
			dependencies = (
			);
			name = EscapeDiariesUI;
			productName = EscapeDiariesUI;
			productReference = EBD04223276ABFA900DFCC40 /* EscapeDiariesUI.app */;
			productType = "com.apple.product-type.application";
		};
/* End PBXNativeTarget section */

/* Begin PBXProject section */
		EBD0421B276ABFA900DFCC40 /* Project object */ = {
			isa = PBXProject;
			attributes = {
				BuildIndependentTargetsInParallel = 1;
				LastSwiftUpdateCheck = 1310;
				LastUpgradeCheck = 1310;
				TargetAttributes = {
					EBD04222276ABFA900DFCC40 = {
						CreatedOnToolsVersion = 13.1;
					};
				};
			};
			buildConfigurationList = EBD0421E276ABFA900DFCC40 /* Build configuration list for PBXProject "EscapeDiariesUI" */;
			compatibilityVersion = "Xcode 13.0";
			developmentRegion = en;
			hasScannedForEncodings = 0;
			knownRegions = (
				en,
				Base,
			);
			mainGroup = EBD0421A276ABFA900DFCC40;
			productRefGroup = EBD04224276ABFA900DFCC40 /* Products */;
			projectDirPath = "";
			projectRoot = "";
			targets = (
				EBD04222276ABFA900DFCC40 /* EscapeDiariesUI */,
			);
		};
/* End PBXProject section */

/* Begin PBXResourcesBuildPhase section */
		EBD04221276ABFA900DFCC40 /* Resources */ = {
			isa = PBXResourcesBuildPhase;
			buildActionMask = 2147483647;
			files = (
				EB8FBE5A282D6DA20090D63A /* Launch Screen.storyboard in Resources */,
				EBD0422E276ABFAA00DFCC40 /* Preview Assets.xcassets in Resources */,
				EBD0422B276ABFAA00DFCC40 /* Assets.xcassets in Resources */,
			);
			runOnlyForDeploymentPostprocessing = 0;
		};
/* End PBXResourcesBuildPhase section */

/* Begin PBXSourcesBuildPhase section */
		EBD0421F276ABFA900DFCC40 /* Sources */ = {
			isa = PBXSourcesBuildPhase;
			buildActionMask = 2147483647;
			files = (
				EB76B8612836BAF8008A1167 /* PastView.swift in Sources */,
				EB9ED52E27F4AB1F00089FC5 /* SelectorThemesView.swift in Sources */,
				EB9542EA27F319BB0083A1ED /* NameView.swift in Sources */,
				EB8FBE5128295C470090D63A /* EscapeDiariesUI.xcdatamodeld in Sources */,
				EB962EF6283C071900DFC520 /* BlanketView.swift in Sources */,
				EB9542E427F315AE0083A1ED /* EscapeRoomRow.swift in Sources */,
				EB9ED53827F70F8800089FC5 /* AdjustmentsView.swift in Sources */,
				EB67D2CA2790E4EB00D70158 /* EscapeRoomValues.swift in Sources */,
				EB9542E827F318480083A1ED /* ValuationView.swift in Sources */,
				EB9ED52A27F4725D00089FC5 /* Filters.swift in Sources */,
				EBD04229276ABFA900DFCC40 /* ContentView.swift in Sources */,
				EB15E85327EA30FD00D0E982 /* FiltersView.swift in Sources */,
				EBB285CF27E9F41700D1241D /* RatingView.swift in Sources */,
				EB9ED53027F4AD4900089FC5 /* Themes.swift in Sources */,
				EB8FBE5328295C630090D63A /* CoreDataManager.swift in Sources */,
				EB9ED52C27F49BB900089FC5 /* EditorNameImageView.swift in Sources */,
				EB962EF4283BF75000DFC520 /* ModalSelectorImagesView.swift in Sources */,
				EB9542E627F316F00083A1ED /* DescriptionView.swift in Sources */,
				EB15E85727EB3D9300D0E982 /* FiltersFactory.swift in Sources */,
				EB3D7F5B2832656000FBD3FA /* AddEscapeRoomViewModel.swift in Sources */,
				EBD04227276ABFA900DFCC40 /* EscapeDiariesUIApp.swift in Sources */,
				EB76B85F2836B9C0008A1167 /* FeaturedView.swift in Sources */,
				EB9542EC27F319C70083A1ED /* ImageView.swift in Sources */,
				EBC34FD227722C060064E4E0 /* DetailViewEscapeRoom.swift in Sources */,
				EB9ED53327F4B0EF00089FC5 /* SelectorImagesView.swift in Sources */,
			);
			runOnlyForDeploymentPostprocessing = 0;
		};
/* End PBXSourcesBuildPhase section */

/* Begin XCBuildConfiguration section */
		EBD0422F276ABFAA00DFCC40 /* Debug */ = {
			isa = XCBuildConfiguration;
			buildSettings = {
				ALWAYS_SEARCH_USER_PATHS = NO;
				CLANG_ANALYZER_NONNULL = YES;
				CLANG_ANALYZER_NUMBER_OBJECT_CONVERSION = YES_AGGRESSIVE;
				CLANG_CXX_LANGUAGE_STANDARD = "gnu++17";
				CLANG_CXX_LIBRARY = "libc++";
				CLANG_ENABLE_MODULES = YES;
				CLANG_ENABLE_OBJC_ARC = YES;
				CLANG_ENABLE_OBJC_WEAK = YES;
				CLANG_WARN_BLOCK_CAPTURE_AUTORELEASING = YES;
				CLANG_WARN_BOOL_CONVERSION = YES;
				CLANG_WARN_COMMA = YES;
				CLANG_WARN_CONSTANT_CONVERSION = YES;
				CLANG_WARN_DEPRECATED_OBJC_IMPLEMENTATIONS = YES;
				CLANG_WARN_DIRECT_OBJC_ISA_USAGE = YES_ERROR;
				CLANG_WARN_DOCUMENTATION_COMMENTS = YES;
				CLANG_WARN_EMPTY_BODY = YES;
				CLANG_WARN_ENUM_CONVERSION = YES;
				CLANG_WARN_INFINITE_RECURSION = YES;
				CLANG_WARN_INT_CONVERSION = YES;
				CLANG_WARN_NON_LITERAL_NULL_CONVERSION = YES;
				CLANG_WARN_OBJC_IMPLICIT_RETAIN_SELF = YES;
				CLANG_WARN_OBJC_LITERAL_CONVERSION = YES;
				CLANG_WARN_OBJC_ROOT_CLASS = YES_ERROR;
				CLANG_WARN_QUOTED_INCLUDE_IN_FRAMEWORK_HEADER = YES;
				CLANG_WARN_RANGE_LOOP_ANALYSIS = YES;
				CLANG_WARN_STRICT_PROTOTYPES = YES;
				CLANG_WARN_SUSPICIOUS_MOVE = YES;
				CLANG_WARN_UNGUARDED_AVAILABILITY = YES_AGGRESSIVE;
				CLANG_WARN_UNREACHABLE_CODE = YES;
				CLANG_WARN__DUPLICATE_METHOD_MATCH = YES;
				COPY_PHASE_STRIP = NO;
				DEBUG_INFORMATION_FORMAT = dwarf;
				ENABLE_STRICT_OBJC_MSGSEND = YES;
				ENABLE_TESTABILITY = YES;
				GCC_C_LANGUAGE_STANDARD = gnu11;
				GCC_DYNAMIC_NO_PIC = NO;
				GCC_NO_COMMON_BLOCKS = YES;
				GCC_OPTIMIZATION_LEVEL = 0;
				GCC_PREPROCESSOR_DEFINITIONS = (
					"DEBUG=1",
					"$(inherited)",
				);
				GCC_WARN_64_TO_32_BIT_CONVERSION = YES;
				GCC_WARN_ABOUT_RETURN_TYPE = YES_ERROR;
				GCC_WARN_UNDECLARED_SELECTOR = YES;
				GCC_WARN_UNINITIALIZED_AUTOS = YES_AGGRESSIVE;
				GCC_WARN_UNUSED_FUNCTION = YES;
				GCC_WARN_UNUSED_VARIABLE = YES;
				IPHONEOS_DEPLOYMENT_TARGET = 15.0;
				MTL_ENABLE_DEBUG_INFO = INCLUDE_SOURCE;
				MTL_FAST_MATH = YES;
				ONLY_ACTIVE_ARCH = YES;
				SDKROOT = iphoneos;
				SWIFT_ACTIVE_COMPILATION_CONDITIONS = DEBUG;
				SWIFT_OPTIMIZATION_LEVEL = "-Onone";
			};
			name = Debug;
		};
		EBD04230276ABFAA00DFCC40 /* Release */ = {
			isa = XCBuildConfiguration;
			buildSettings = {
				ALWAYS_SEARCH_USER_PATHS = NO;
				CLANG_ANALYZER_NONNULL = YES;
				CLANG_ANALYZER_NUMBER_OBJECT_CONVERSION = YES_AGGRESSIVE;
				CLANG_CXX_LANGUAGE_STANDARD = "gnu++17";
				CLANG_CXX_LIBRARY = "libc++";
				CLANG_ENABLE_MODULES = YES;
				CLANG_ENABLE_OBJC_ARC = YES;
				CLANG_ENABLE_OBJC_WEAK = YES;
				CLANG_WARN_BLOCK_CAPTURE_AUTORELEASING = YES;
				CLANG_WARN_BOOL_CONVERSION = YES;
				CLANG_WARN_COMMA = YES;
				CLANG_WARN_CONSTANT_CONVERSION = YES;
				CLANG_WARN_DEPRECATED_OBJC_IMPLEMENTATIONS = YES;
				CLANG_WARN_DIRECT_OBJC_ISA_USAGE = YES_ERROR;
				CLANG_WARN_DOCUMENTATION_COMMENTS = YES;
				CLANG_WARN_EMPTY_BODY = YES;
				CLANG_WARN_ENUM_CONVERSION = YES;
				CLANG_WARN_INFINITE_RECURSION = YES;
				CLANG_WARN_INT_CONVERSION = YES;
				CLANG_WARN_NON_LITERAL_NULL_CONVERSION = YES;
				CLANG_WARN_OBJC_IMPLICIT_RETAIN_SELF = YES;
				CLANG_WARN_OBJC_LITERAL_CONVERSION = YES;
				CLANG_WARN_OBJC_ROOT_CLASS = YES_ERROR;
				CLANG_WARN_QUOTED_INCLUDE_IN_FRAMEWORK_HEADER = YES;
				CLANG_WARN_RANGE_LOOP_ANALYSIS = YES;
				CLANG_WARN_STRICT_PROTOTYPES = YES;
				CLANG_WARN_SUSPICIOUS_MOVE = YES;
				CLANG_WARN_UNGUARDED_AVAILABILITY = YES_AGGRESSIVE;
				CLANG_WARN_UNREACHABLE_CODE = YES;
				CLANG_WARN__DUPLICATE_METHOD_MATCH = YES;
				COPY_PHASE_STRIP = NO;
				DEBUG_INFORMATION_FORMAT = "dwarf-with-dsym";
				ENABLE_NS_ASSERTIONS = NO;
				ENABLE_STRICT_OBJC_MSGSEND = YES;
				GCC_C_LANGUAGE_STANDARD = gnu11;
				GCC_NO_COMMON_BLOCKS = YES;
				GCC_WARN_64_TO_32_BIT_CONVERSION = YES;
				GCC_WARN_ABOUT_RETURN_TYPE = YES_ERROR;
				GCC_WARN_UNDECLARED_SELECTOR = YES;
				GCC_WARN_UNINITIALIZED_AUTOS = YES_AGGRESSIVE;
				GCC_WARN_UNUSED_FUNCTION = YES;
				GCC_WARN_UNUSED_VARIABLE = YES;
				IPHONEOS_DEPLOYMENT_TARGET = 15.0;
				MTL_ENABLE_DEBUG_INFO = NO;
				MTL_FAST_MATH = YES;
				SDKROOT = iphoneos;
				SWIFT_COMPILATION_MODE = wholemodule;
				SWIFT_OPTIMIZATION_LEVEL = "-O";
				VALIDATE_PRODUCT = YES;
			};
			name = Release;
		};
		EBD04232276ABFAA00DFCC40 /* Debug */ = {
			isa = XCBuildConfiguration;
			buildSettings = {
				ASSETCATALOG_COMPILER_APPICON_NAME = AppIcon;
				ASSETCATALOG_COMPILER_GLOBAL_ACCENT_COLOR_NAME = AccentColor;
				CODE_SIGN_STYLE = Automatic;
				CURRENT_PROJECT_VERSION = 1;
				DEVELOPMENT_ASSET_PATHS = "\"EscapeDiariesUI/Preview Content\"";
				DEVELOPMENT_TEAM = JXG85VJB92;
				ENABLE_PREVIEWS = YES;
				GENERATE_INFOPLIST_FILE = YES;
				INFOPLIST_KEY_UIApplicationSceneManifest_Generation = YES;
				INFOPLIST_KEY_UIApplicationSupportsIndirectInputEvents = YES;
				INFOPLIST_KEY_UILaunchScreen_Generation = YES;
				INFOPLIST_KEY_UISupportedInterfaceOrientations_iPad = "UIInterfaceOrientationPortrait UIInterfaceOrientationPortraitUpsideDown UIInterfaceOrientationLandscapeLeft UIInterfaceOrientationLandscapeRight";
				INFOPLIST_KEY_UISupportedInterfaceOrientations_iPhone = "UIInterfaceOrientationPortrait UIInterfaceOrientationLandscapeLeft UIInterfaceOrientationLandscapeRight";
				IPHONEOS_DEPLOYMENT_TARGET = 15.0;
				LD_RUNPATH_SEARCH_PATHS = (
					"$(inherited)",
					"@executable_path/Frameworks",
				);
				MARKETING_VERSION = 1.0;
				PRODUCT_BUNDLE_IDENTIFIER = com.estheralcoceba.EscapeDiariesUI;
				PRODUCT_NAME = "$(TARGET_NAME)";
				SWIFT_EMIT_LOC_STRINGS = YES;
				SWIFT_VERSION = 5.0;
				TARGETED_DEVICE_FAMILY = "1,2";
			};
			name = Debug;
		};
		EBD04233276ABFAA00DFCC40 /* Release */ = {
			isa = XCBuildConfiguration;
			buildSettings = {
				ASSETCATALOG_COMPILER_APPICON_NAME = AppIcon;
				ASSETCATALOG_COMPILER_GLOBAL_ACCENT_COLOR_NAME = AccentColor;
				CODE_SIGN_STYLE = Automatic;
				CURRENT_PROJECT_VERSION = 1;
				DEVELOPMENT_ASSET_PATHS = "\"EscapeDiariesUI/Preview Content\"";
				DEVELOPMENT_TEAM = JXG85VJB92;
				ENABLE_PREVIEWS = YES;
				GENERATE_INFOPLIST_FILE = YES;
				INFOPLIST_KEY_UIApplicationSceneManifest_Generation = YES;
				INFOPLIST_KEY_UIApplicationSupportsIndirectInputEvents = YES;
				INFOPLIST_KEY_UILaunchScreen_Generation = YES;
				INFOPLIST_KEY_UISupportedInterfaceOrientations_iPad = "UIInterfaceOrientationPortrait UIInterfaceOrientationPortraitUpsideDown UIInterfaceOrientationLandscapeLeft UIInterfaceOrientationLandscapeRight";
				INFOPLIST_KEY_UISupportedInterfaceOrientations_iPhone = "UIInterfaceOrientationPortrait UIInterfaceOrientationLandscapeLeft UIInterfaceOrientationLandscapeRight";
				IPHONEOS_DEPLOYMENT_TARGET = 15.0;
				LD_RUNPATH_SEARCH_PATHS = (
					"$(inherited)",
					"@executable_path/Frameworks",
				);
				MARKETING_VERSION = 1.0;
				PRODUCT_BUNDLE_IDENTIFIER = com.estheralcoceba.EscapeDiariesUI;
				PRODUCT_NAME = "$(TARGET_NAME)";
				SWIFT_EMIT_LOC_STRINGS = YES;
				SWIFT_VERSION = 5.0;
				TARGETED_DEVICE_FAMILY = "1,2";
			};
			name = Release;
		};
/* End XCBuildConfiguration section */

/* Begin XCConfigurationList section */
		EBD0421E276ABFA900DFCC40 /* Build configuration list for PBXProject "EscapeDiariesUI" */ = {
			isa = XCConfigurationList;
			buildConfigurations = (
				EBD0422F276ABFAA00DFCC40 /* Debug */,
				EBD04230276ABFAA00DFCC40 /* Release */,
			);
			defaultConfigurationIsVisible = 0;
			defaultConfigurationName = Release;
		};
		EBD04231276ABFAA00DFCC40 /* Build configuration list for PBXNativeTarget "EscapeDiariesUI" */ = {
			isa = XCConfigurationList;
			buildConfigurations = (
				EBD04232276ABFAA00DFCC40 /* Debug */,
				EBD04233276ABFAA00DFCC40 /* Release */,
			);
			defaultConfigurationIsVisible = 0;
			defaultConfigurationName = Release;
		};
/* End XCConfigurationList section */

/* Begin XCVersionGroup section */
		EB8FBE4F28295C470090D63A /* EscapeDiariesUI.xcdatamodeld */ = {
			isa = XCVersionGroup;
			children = (
				EB8FBE5028295C470090D63A /* EscapeDiariesUI.xcdatamodel */,
			);
			currentVersion = EB8FBE5028295C470090D63A /* EscapeDiariesUI.xcdatamodel */;
			path = EscapeDiariesUI.xcdatamodeld;
			sourceTree = "<group>";
			versionGroupType = wrapper.xcdatamodel;
		};
/* End XCVersionGroup section */
	};
	rootObject = EBD0421B276ABFA900DFCC40 /* Project object */;
}
