// !$*UTF8*$!
{
	archiveVersion = 1;
	classes = {
	};
	objectVersion = 55;
	objects = {

/* Begin PBXBuildFile section */
		EB15E85327EA30FD00D0E982 /* FiltersView.swift in Sources */ = {isa = PBXBuildFile; fileRef = EB15E85227EA30FD00D0E982 /* FiltersView.swift */; };
		EB15E85527EA706200D0E982 /* DetailFactory.swift in Sources */ = {isa = PBXBuildFile; fileRef = EB15E85427EA706200D0E982 /* DetailFactory.swift */; };
		EB67D2CA2790E4EB00D70158 /* FactoryEscapeRoom.swift in Sources */ = {isa = PBXBuildFile; fileRef = EB67D2C92790E4EB00D70158 /* FactoryEscapeRoom.swift */; };
		EB67D2CC2790E51600D70158 /* EscapeRoom.swift in Sources */ = {isa = PBXBuildFile; fileRef = EB67D2CB2790E51600D70158 /* EscapeRoom.swift */; };
		EBB285CF27E9F41700D1241D /* RatingView.swift in Sources */ = {isa = PBXBuildFile; fileRef = EBB285CE27E9F41700D1241D /* RatingView.swift */; };
		EBC34FD227722C060064E4E0 /* DetailViewEscapeRoom.swift in Sources */ = {isa = PBXBuildFile; fileRef = EBC34FD127722C060064E4E0 /* DetailViewEscapeRoom.swift */; };
		EBD04227276ABFA900DFCC40 /* EscapeDiariesUIApp.swift in Sources */ = {isa = PBXBuildFile; fileRef = EBD04226276ABFA900DFCC40 /* EscapeDiariesUIApp.swift */; };
		EBD04229276ABFA900DFCC40 /* ContentView.swift in Sources */ = {isa = PBXBuildFile; fileRef = EBD04228276ABFA900DFCC40 /* ContentView.swift */; };
		EBD0422B276ABFAA00DFCC40 /* Assets.xcassets in Resources */ = {isa = PBXBuildFile; fileRef = EBD0422A276ABFAA00DFCC40 /* Assets.xcassets */; };
		EBD0422E276ABFAA00DFCC40 /* Preview Assets.xcassets in Resources */ = {isa = PBXBuildFile; fileRef = EBD0422D276ABFAA00DFCC40 /* Preview Assets.xcassets */; };
/* End PBXBuildFile section */

/* Begin PBXFileReference section */
		EB15E85227EA30FD00D0E982 /* FiltersView.swift */ = {isa = PBXFileReference; lastKnownFileType = sourcecode.swift; path = FiltersView.swift; sourceTree = "<group>"; };
		EB15E85427EA706200D0E982 /* DetailFactory.swift */ = {isa = PBXFileReference; lastKnownFileType = sourcecode.swift; path = DetailFactory.swift; sourceTree = "<group>"; };
		EB67D2C92790E4EB00D70158 /* FactoryEscapeRoom.swift */ = {isa = PBXFileReference; lastKnownFileType = sourcecode.swift; path = FactoryEscapeRoom.swift; sourceTree = "<group>"; };
		EB67D2CB2790E51600D70158 /* EscapeRoom.swift */ = {isa = PBXFileReference; lastKnownFileType = sourcecode.swift; path = EscapeRoom.swift; sourceTree = "<group>"; };
		EBB285CE27E9F41700D1241D /* RatingView.swift */ = {isa = PBXFileReference; lastKnownFileType = sourcecode.swift; path = RatingView.swift; sourceTree = "<group>"; };
		EBC34FD127722C060064E4E0 /* DetailViewEscapeRoom.swift */ = {isa = PBXFileReference; lastKnownFileType = sourcecode.swift; path = DetailViewEscapeRoom.swift; sourceTree = "<group>"; };
		EBD04223276ABFA900DFCC40 /* EscapeDiariesUI.app */ = {isa = PBXFileReference; explicitFileType = wrapper.application; includeInIndex = 0; path = EscapeDiariesUI.app; sourceTree = BUILT_PRODUCTS_DIR; };
		EBD04226276ABFA900DFCC40 /* EscapeDiariesUIApp.swift */ = {isa = PBXFileReference; lastKnownFileType = sourcecode.swift; path = EscapeDiariesUIApp.swift; sourceTree = "<group>"; };
		EBD04228276ABFA900DFCC40 /* ContentView.swift */ = {isa = PBXFileReference; lastKnownFileType = sourcecode.swift; path = ContentView.swift; sourceTree = "<group>"; };
		EBD0422A276ABFAA00DFCC40 /* Assets.xcassets */ = {isa = PBXFileReference; lastKnownFileType = folder.assetcatalog; path = Assets.xcassets; sourceTree = "<group>"; };
		EBD0422D276ABFAA00DFCC40 /* Preview Assets.xcassets */ = {isa = PBXFileReference; lastKnownFileType = folder.assetcatalog; path = "Preview Assets.xcassets"; sourceTree = "<group>"; };
/* End PBXFileReference section */

/* Begin PBXFrameworksBuildPhase section */
		EBD04220276ABFA900DFCC40 /* Frameworks */ = {
			isa = PBXFrameworksBuildPhase;
			buildActionMask = 2147483647;
			files = (
			);
			runOnlyForDeploymentPostprocessing = 0;
		};
/* End PBXFrameworksBuildPhase section */

/* Begin PBXGroup section */
		EB67D2C62790E4A100D70158 /* Modelo */ = {
			isa = PBXGroup;
			children = (
				EB67D2C92790E4EB00D70158 /* FactoryEscapeRoom.swift */,
				EB67D2CB2790E51600D70158 /* EscapeRoom.swift */,
				EB15E85427EA706200D0E982 /* DetailFactory.swift */,
			);
			path = Modelo;
			sourceTree = "<group>";
		};
		EB67D2CD2790E52000D70158 /* View */ = {
			isa = PBXGroup;
			children = (
				EBC34FD127722C060064E4E0 /* DetailViewEscapeRoom.swift */,
				EBD04228276ABFA900DFCC40 /* ContentView.swift */,
				EBB285CE27E9F41700D1241D /* RatingView.swift */,
				EB15E85227EA30FD00D0E982 /* FiltersView.swift */,
			);
			path = View;
			sourceTree = "<group>";
		};
		EBD0421A276ABFA900DFCC40 = {
			isa = PBXGroup;
			children = (
				EBD04225276ABFA900DFCC40 /* EscapeDiariesUI */,
				EBD04224276ABFA900DFCC40 /* Products */,
			);
			sourceTree = "<group>";
		};
		EBD04224276ABFA900DFCC40 /* Products */ = {
			isa = PBXGroup;
			children = (
				EBD04223276ABFA900DFCC40 /* EscapeDiariesUI.app */,
			);
			name = Products;
			sourceTree = "<group>";
		};
		EBD04225276ABFA900DFCC40 /* EscapeDiariesUI */ = {
			isa = PBXGroup;
			children = (
				EBD04226276ABFA900DFCC40 /* EscapeDiariesUIApp.swift */,
				EB67D2CD2790E52000D70158 /* View */,
				EB67D2C62790E4A100D70158 /* Modelo */,
				EBD0422A276ABFAA00DFCC40 /* Assets.xcassets */,
				EBD0422C276ABFAA00DFCC40 /* Preview Content */,
			);
			path = EscapeDiariesUI;
			sourceTree = "<group>";
		};
		EBD0422C276ABFAA00DFCC40 /* Preview Content */ = {
			isa = PBXGroup;
			children = (
				EBD0422D276ABFAA00DFCC40 /* Preview Assets.xcassets */,
			);
			path = "Preview Content";
			sourceTree = "<group>";
		};
/* End PBXGroup section */

/* Begin PBXNativeTarget section */
		EBD04222276ABFA900DFCC40 /* EscapeDiariesUI */ = {
			isa = PBXNativeTarget;
			buildConfigurationList = EBD04231276ABFAA00DFCC40 /* Build configuration list for PBXNativeTarget "EscapeDiariesUI" */;
			buildPhases = (
				EBD0421F276ABFA900DFCC40 /* Sources */,
				EBD04220276ABFA900DFCC40 /* Frameworks */,
				EBD04221276ABFA900DFCC40 /* Resources */,
			);
			buildRules = (
			);
			dependencies = (
			);
			name = EscapeDiariesUI;
			productName = EscapeDiariesUI;
			productReference = EBD04223276ABFA900DFCC40 /* EscapeDiariesUI.app */;
			productType = "com.apple.product-type.application";
		};
/* End PBXNativeTarget section */

/* Begin PBXProject section */
		EBD0421B276ABFA900DFCC40 /* Project object */ = {
			isa = PBXProject;
			attributes = {
				BuildIndependentTargetsInParallel = 1;
				LastSwiftUpdateCheck = 1310;
				LastUpgradeCheck = 1310;
				TargetAttributes = {
					EBD04222276ABFA900DFCC40 = {
						CreatedOnToolsVersion = 13.1;
					};
				};
			};
			buildConfigurationList = EBD0421E276ABFA900DFCC40 /* Build configuration list for PBXProject "EscapeDiariesUI" */;
			compatibilityVersion = "Xcode 13.0";
			developmentRegion = en;
			hasScannedForEncodings = 0;
			knownRegions = (
				en,
				Base,
			);
			mainGroup = EBD0421A276ABFA900DFCC40;
			productRefGroup = EBD04224276ABFA900DFCC40 /* Products */;
			projectDirPath = "";
			projectRoot = "";
			targets = (
				EBD04222276ABFA900DFCC40 /* EscapeDiariesUI */,
			);
		};
/* End PBXProject section */

/* Begin PBXResourcesBuildPhase section */
		EBD04221276ABFA900DFCC40 /* Resources */ = {
			isa = PBXResourcesBuildPhase;
			buildActionMask = 2147483647;
			files = (
				EBD0422E276ABFAA00DFCC40 /* Preview Assets.xcassets in Resources */,
				EBD0422B276ABFAA00DFCC40 /* Assets.xcassets in Resources */,
			);
			runOnlyForDeploymentPostprocessing = 0;
		};
/* End PBXResourcesBuildPhase section */

/* Begin PBXSourcesBuildPhase section */
		EBD0421F276ABFA900DFCC40 /* Sources */ = {
			isa = PBXSourcesBuildPhase;
			buildActionMask = 2147483647;
			files = (
				EB67D2CC2790E51600D70158 /* EscapeRoom.swift in Sources */,
				EB15E85527EA706200D0E982 /* DetailFactory.swift in Sources */,
				EB67D2CA2790E4EB00D70158 /* FactoryEscapeRoom.swift in Sources */,
				EBD04229276ABFA900DFCC40 /* ContentView.swift in Sources */,
				EB15E85327EA30FD00D0E982 /* FiltersView.swift in Sources */,
				EBB285CF27E9F41700D1241D /* RatingView.swift in Sources */,
				EBD04227276ABFA900DFCC40 /* EscapeDiariesUIApp.swift in Sources */,
				EBC34FD227722C060064E4E0 /* DetailViewEscapeRoom.swift in Sources */,
			);
			runOnlyForDeploymentPostprocessing = 0;
		};
/* End PBXSourcesBuildPhase section */

/* Begin XCBuildConfiguration section */
		EBD0422F276ABFAA00DFCC40 /* Debug */ = {
			isa = XCBuildConfiguration;
			buildSettings = {
				ALWAYS_SEARCH_USER_PATHS = NO;
				CLANG_ANALYZER_NONNULL = YES;
				CLANG_ANALYZER_NUMBER_OBJECT_CONVERSION = YES_AGGRESSIVE;
				CLANG_CXX_LANGUAGE_STANDARD = "gnu++17";
				CLANG_CXX_LIBRARY = "libc++";
				CLANG_ENABLE_MODULES = YES;
				CLANG_ENABLE_OBJC_ARC = YES;
				CLANG_ENABLE_OBJC_WEAK = YES;
				CLANG_WARN_BLOCK_CAPTURE_AUTORELEASING = YES;
				CLANG_WARN_BOOL_CONVERSION = YES;
				CLANG_WARN_COMMA = YES;
				CLANG_WARN_CONSTANT_CONVERSION = YES;
				CLANG_WARN_DEPRECATED_OBJC_IMPLEMENTATIONS = YES;
				CLANG_WARN_DIRECT_OBJC_ISA_USAGE = YES_ERROR;
				CLANG_WARN_DOCUMENTATION_COMMENTS = YES;
				CLANG_WARN_EMPTY_BODY = YES;
				CLANG_WARN_ENUM_CONVERSION = YES;
				CLANG_WARN_INFINITE_RECURSION = YES;
				CLANG_WARN_INT_CONVERSION = YES;
				CLANG_WARN_NON_LITERAL_NULL_CONVERSION = YES;
				CLANG_WARN_OBJC_IMPLICIT_RETAIN_SELF = YES;
				CLANG_WARN_OBJC_LITERAL_CONVERSION = YES;
				CLANG_WARN_OBJC_ROOT_CLASS = YES_ERROR;
				CLANG_WARN_QUOTED_INCLUDE_IN_FRAMEWORK_HEADER = YES;
				CLANG_WARN_RANGE_LOOP_ANALYSIS = YES;
				CLANG_WARN_STRICT_PROTOTYPES = YES;
				CLANG_WARN_SUSPICIOUS_MOVE = YES;
				CLANG_WARN_UNGUARDED_AVAILABILITY = YES_AGGRESSIVE;
				CLANG_WARN_UNREACHABLE_CODE = YES;
				CLANG_WARN__DUPLICATE_METHOD_MATCH = YES;
				COPY_PHASE_STRIP = NO;
				DEBUG_INFORMATION_FORMAT = dwarf;
				ENABLE_STRICT_OBJC_MSGSEND = YES;
				ENABLE_TESTABILITY = YES;
				GCC_C_LANGUAGE_STANDARD = gnu11;
				GCC_DYNAMIC_NO_PIC = NO;
				GCC_NO_COMMON_BLOCKS = YES;
				GCC_OPTIMIZATION_LEVEL = 0;
				GCC_PREPROCESSOR_DEFINITIONS = (
					"DEBUG=1",
					"$(inherited)",
				);
				GCC_WARN_64_TO_32_BIT_CONVERSION = YES;
				GCC_WARN_ABOUT_RETURN_TYPE = YES_ERROR;
				GCC_WARN_UNDECLARED_SELECTOR = YES;
				GCC_WARN_UNINITIALIZED_AUTOS = YES_AGGRESSIVE;
				GCC_WARN_UNUSED_FUNCTION = YES;
				GCC_WARN_UNUSED_VARIABLE = YES;
				IPHONEOS_DEPLOYMENT_TARGET = 15.0;
				MTL_ENABLE_DEBUG_INFO = INCLUDE_SOURCE;
				MTL_FAST_MATH = YES;
				ONLY_ACTIVE_ARCH = YES;
				SDKROOT = iphoneos;
				SWIFT_ACTIVE_COMPILATION_CONDITIONS = DEBUG;
				SWIFT_OPTIMIZATION_LEVEL = "-Onone";
			};
			name = Debug;
		};
		EBD04230276ABFAA00DFCC40 /* Release */ = {
			isa = XCBuildConfiguration;
			buildSettings = {
				ALWAYS_SEARCH_USER_PATHS = NO;
				CLANG_ANALYZER_NONNULL = YES;
				CLANG_ANALYZER_NUMBER_OBJECT_CONVERSION = YES_AGGRESSIVE;
				CLANG_CXX_LANGUAGE_STANDARD = "gnu++17";
				CLANG_CXX_LIBRARY = "libc++";
				CLANG_ENABLE_MODULES = YES;
				CLANG_ENABLE_OBJC_ARC = YES;
				CLANG_ENABLE_OBJC_WEAK = YES;
				CLANG_WARN_BLOCK_CAPTURE_AUTORELEASING = YES;
				CLANG_WARN_BOOL_CONVERSION = YES;
				CLANG_WARN_COMMA = YES;
				CLANG_WARN_CONSTANT_CONVERSION = YES;
				CLANG_WARN_DEPRECATED_OBJC_IMPLEMENTATIONS = YES;
				CLANG_WARN_DIRECT_OBJC_ISA_USAGE = YES_ERROR;
				CLANG_WARN_DOCUMENTATION_COMMENTS = YES;
				CLANG_WARN_EMPTY_BODY = YES;
				CLANG_WARN_ENUM_CONVERSION = YES;
				CLANG_WARN_INFINITE_RECURSION = YES;
				CLANG_WARN_INT_CONVERSION = YES;
				CLANG_WARN_NON_LITERAL_NULL_CONVERSION = YES;
				CLANG_WARN_OBJC_IMPLICIT_RETAIN_SELF = YES;
				CLANG_WARN_OBJC_LITERAL_CONVERSION = YES;
				CLANG_WARN_OBJC_ROOT_CLASS = YES_ERROR;
				CLANG_WARN_QUOTED_INCLUDE_IN_FRAMEWORK_HEADER = YES;
				CLANG_WARN_RANGE_LOOP_ANALYSIS = YES;
				CLANG_WARN_STRICT_PROTOTYPES = YES;
				CLANG_WARN_SUSPICIOUS_MOVE = YES;
				CLANG_WARN_UNGUARDED_AVAILABILITY = YES_AGGRESSIVE;
				CLANG_WARN_UNREACHABLE_CODE = YES;
				CLANG_WARN__DUPLICATE_METHOD_MATCH = YES;
				COPY_PHASE_STRIP = NO;
				DEBUG_INFORMATION_FORMAT = "dwarf-with-dsym";
				ENABLE_NS_ASSERTIONS = NO;
				ENABLE_STRICT_OBJC_MSGSEND = YES;
				GCC_C_LANGUAGE_STANDARD = gnu11;
				GCC_NO_COMMON_BLOCKS = YES;
				GCC_WARN_64_TO_32_BIT_CONVERSION = YES;
				GCC_WARN_ABOUT_RETURN_TYPE = YES_ERROR;
				GCC_WARN_UNDECLARED_SELECTOR = YES;
				GCC_WARN_UNINITIALIZED_AUTOS = YES_AGGRESSIVE;
				GCC_WARN_UNUSED_FUNCTION = YES;
				GCC_WARN_UNUSED_VARIABLE = YES;
				IPHONEOS_DEPLOYMENT_TARGET = 15.0;
				MTL_ENABLE_DEBUG_INFO = NO;
				MTL_FAST_MATH = YES;
				SDKROOT = iphoneos;
				SWIFT_COMPILATION_MODE = wholemodule;
				SWIFT_OPTIMIZATION_LEVEL = "-O";
				VALIDATE_PRODUCT = YES;
			};
			name = Release;
		};
		EBD04232276ABFAA00DFCC40 /* Debug */ = {
			isa = XCBuildConfiguration;
			buildSettings = {
				ASSETCATALOG_COMPILER_APPICON_NAME = AppIcon;
				ASSETCATALOG_COMPILER_GLOBAL_ACCENT_COLOR_NAME = AccentColor;
				CODE_SIGN_STYLE = Automatic;
				CURRENT_PROJECT_VERSION = 1;
				DEVELOPMENT_ASSET_PATHS = "\"EscapeDiariesUI/Preview Content\"";
				DEVELOPMENT_TEAM = JXG85VJB92;
				ENABLE_PREVIEWS = YES;
				GENERATE_INFOPLIST_FILE = YES;
				INFOPLIST_KEY_UIApplicationSceneManifest_Generation = YES;
				INFOPLIST_KEY_UIApplicationSupportsIndirectInputEvents = YES;
				INFOPLIST_KEY_UILaunchScreen_Generation = YES;
				INFOPLIST_KEY_UISupportedInterfaceOrientations_iPad = "UIInterfaceOrientationPortrait UIInterfaceOrientationPortraitUpsideDown UIInterfaceOrientationLandscapeLeft UIInterfaceOrientationLandscapeRight";
				INFOPLIST_KEY_UISupportedInterfaceOrientations_iPhone = "UIInterfaceOrientationPortrait UIInterfaceOrientationLandscapeLeft UIInterfaceOrientationLandscapeRight";
				LD_RUNPATH_SEARCH_PATHS = (
					"$(inherited)",
					"@executable_path/Frameworks",
				);
				MARKETING_VERSION = 1.0;
				PRODUCT_BUNDLE_IDENTIFIER = com.estheralcoceba.EscapeDiariesUI;
				PRODUCT_NAME = "$(TARGET_NAME)";
				SWIFT_EMIT_LOC_STRINGS = YES;
				SWIFT_VERSION = 5.0;
				TARGETED_DEVICE_FAMILY = "1,2";
			};
			name = Debug;
		};
		EBD04233276ABFAA00DFCC40 /* Release */ = {
			isa = XCBuildConfiguration;
			buildSettings = {
				ASSETCATALOG_COMPILER_APPICON_NAME = AppIcon;
				ASSETCATALOG_COMPILER_GLOBAL_ACCENT_COLOR_NAME = AccentColor;
				CODE_SIGN_STYLE = Automatic;
				CURRENT_PROJECT_VERSION = 1;
				DEVELOPMENT_ASSET_PATHS = "\"EscapeDiariesUI/Preview Content\"";
				DEVELOPMENT_TEAM = JXG85VJB92;
				ENABLE_PREVIEWS = YES;
				GENERATE_INFOPLIST_FILE = YES;
				INFOPLIST_KEY_UIApplicationSceneManifest_Generation = YES;
				INFOPLIST_KEY_UIApplicationSupportsIndirectInputEvents = YES;
				INFOPLIST_KEY_UILaunchScreen_Generation = YES;
				INFOPLIST_KEY_UISupportedInterfaceOrientations_iPad = "UIInterfaceOrientationPortrait UIInterfaceOrientationPortraitUpsideDown UIInterfaceOrientationLandscapeLeft UIInterfaceOrientationLandscapeRight";
				INFOPLIST_KEY_UISupportedInterfaceOrientations_iPhone = "UIInterfaceOrientationPortrait UIInterfaceOrientationLandscapeLeft UIInterfaceOrientationLandscapeRight";
				LD_RUNPATH_SEARCH_PATHS = (
					"$(inherited)",
					"@executable_path/Frameworks",
				);
				MARKETING_VERSION = 1.0;
				PRODUCT_BUNDLE_IDENTIFIER = com.estheralcoceba.EscapeDiariesUI;
				PRODUCT_NAME = "$(TARGET_NAME)";
				SWIFT_EMIT_LOC_STRINGS = YES;
				SWIFT_VERSION = 5.0;
				TARGETED_DEVICE_FAMILY = "1,2";
			};
			name = Release;
		};
/* End XCBuildConfiguration section */

/* Begin XCConfigurationList section */
		EBD0421E276ABFA900DFCC40 /* Build configuration list for PBXProject "EscapeDiariesUI" */ = {
			isa = XCConfigurationList;
			buildConfigurations = (
				EBD0422F276ABFAA00DFCC40 /* Debug */,
				EBD04230276ABFAA00DFCC40 /* Release */,
			);
			defaultConfigurationIsVisible = 0;
			defaultConfigurationName = Release;
		};
		EBD04231276ABFAA00DFCC40 /* Build configuration list for PBXNativeTarget "EscapeDiariesUI" */ = {
			isa = XCConfigurationList;
			buildConfigurations = (
				EBD04232276ABFAA00DFCC40 /* Debug */,
				EBD04233276ABFAA00DFCC40 /* Release */,
			);
			defaultConfigurationIsVisible = 0;
			defaultConfigurationName = Release;
		};
/* End XCConfigurationList section */
	};
	rootObject = EBD0421B276ABFA900DFCC40 /* Project object */;
}
